
Microsoft Visual Studio Solution File, Format Version 12.00
# Visual Studio Version 16
VisualStudioVersion = 16.0.29215.179
MinimumVisualStudioVersion = 10.0.40219.1
Project("{FAE04EC0-301F-11D3-BF4B-00C04F79EFBC}") = "Astros", "Astros.csproj", "{11EF3548-B4AC-43F4-B115-88EBC6F03C39}"
EndProject
Global
	GlobalSection(SolutionConfigurationPlatforms) = preSolution
		Debug|Any CPU = Debug|Any CPU
		Release|Any CPU = Release|Any CPU
	EndGlobalSection
	GlobalSection(ProjectConfigurationPlatforms) = postSolution
		{11EF3548-B4AC-43F4-B115-88EBC6F03C39}.Debug|Any CPU.ActiveCfg = Debug|Any CPU
		{11EF3548-B4AC-43F4-B115-88EBC6F03C39}.Debug|Any CPU.Build.0 = Debug|Any CPU
		{11EF3548-B4AC-43F4-B115-88EBC6F03C39}.Release|Any CPU.ActiveCfg = Release|Any CPU
		{11EF3548-B4AC-43F4-B115-88EBC6F03C39}.Release|Any CPU.Build.0 = Release|Any CPU
	EndGlobalSection
	GlobalSection(SolutionProperties) = preSolution
		HideSolutionNode = FALSE
	EndGlobalSection
	GlobalSection(ExtensibilityGlobals) = postSolution
		SolutionGuid = {378704FE-5F7B-444C-A79A-BFB0868A2711}
	EndGlobalSection
EndGlobal
